
Microsoft Visual Studio Solution File, Format Version 12.00
# Visual Studio Version 17
VisualStudioVersion = 17.3.32825.248
MinimumVisualStudioVersion = 10.0.40219.1
Project("{FAE04EC0-301F-11D3-BF4B-00C04F79EFBC}") = "interface", "interface.csproj", "{C8913D3A-7347-4BE2-A21D-FF2ADACC465D}"
EndProject
Global
	GlobalSection(SolutionConfigurationPlatforms) = preSolution
		Debug|Any CPU = Debug|Any CPU
		Release|Any CPU = Release|Any CPU
	EndGlobalSection
	GlobalSection(ProjectConfigurationPlatforms) = postSolution
		{C8913D3A-7347-4BE2-A21D-FF2ADACC465D}.Debug|Any CPU.ActiveCfg = Debug|Any CPU
		{C8913D3A-7347-4BE2-A21D-FF2ADACC465D}.Debug|Any CPU.Build.0 = Debug|Any CPU
		{C8913D3A-7347-4BE2-A21D-FF2ADACC465D}.Release|Any CPU.ActiveCfg = Release|Any CPU
		{C8913D3A-7347-4BE2-A21D-FF2ADACC465D}.Release|Any CPU.Build.0 = Release|Any CPU
	EndGlobalSection
	GlobalSection(SolutionProperties) = preSolution
		HideSolutionNode = FALSE
	EndGlobalSection
	GlobalSection(ExtensibilityGlobals) = postSolution
		SolutionGuid = {C0D9B8B8-78EE-44D6-A8A2-73FC224F949A}
	EndGlobalSection
EndGlobal
